
Microsoft Visual Studio Solution File, Format Version 12.00
# Visual Studio Version 17
VisualStudioVersion = 17.0.31903.59
MinimumVisualStudioVersion = 10.0.40219.1
Project("{FAE04EC0-301F-11D3-BF4B-00C04F79EFBC}") = "HoneyBadger.Client", "HoneyBadger.Client\HoneyBadger.Client.csproj", "{FDC3F313-F2C5-4011-B791-43FC6B8C0DB1}"
EndProject
Project("{FAE04EC0-301F-11D3-BF4B-00C04F79EFBC}") = "ClientApp", "ClientApp\ClientApp.csproj", "{D17F4135-8BF3-4E9D-BAF4-96155BC84F0B}"
EndProject
Global
	GlobalSection(SolutionConfigurationPlatforms) = preSolution
		Debug|Any CPU = Debug|Any CPU
		Release|Any CPU = Release|Any CPU
	EndGlobalSection
	GlobalSection(SolutionProperties) = preSolution
		HideSolutionNode = FALSE
	EndGlobalSection
	GlobalSection(ProjectConfigurationPlatforms) = postSolution
		{FDC3F313-F2C5-4011-B791-43FC6B8C0DB1}.Debug|Any CPU.ActiveCfg = Debug|Any CPU
		{FDC3F313-F2C5-4011-B791-43FC6B8C0DB1}.Debug|Any CPU.Build.0 = Debug|Any CPU
		{FDC3F313-F2C5-4011-B791-43FC6B8C0DB1}.Release|Any CPU.ActiveCfg = Release|Any CPU
		{FDC3F313-F2C5-4011-B791-43FC6B8C0DB1}.Release|Any CPU.Build.0 = Release|Any CPU
		{D17F4135-8BF3-4E9D-BAF4-96155BC84F0B}.Debug|Any CPU.ActiveCfg = Debug|Any CPU
		{D17F4135-8BF3-4E9D-BAF4-96155BC84F0B}.Debug|Any CPU.Build.0 = Debug|Any CPU
		{D17F4135-8BF3-4E9D-BAF4-96155BC84F0B}.Release|Any CPU.ActiveCfg = Release|Any CPU
		{D17F4135-8BF3-4E9D-BAF4-96155BC84F0B}.Release|Any CPU.Build.0 = Release|Any CPU
	EndGlobalSection
EndGlobal
